{
  "name": "valley.ren",
  "version": "1.0.0",
  "lockfileVersion": 1,
  "requires": true,
  "dependencies": {
    "rtmp-streamer": {
      "version": "1.0.2",
      "resolved": "https://registry.npmjs.org/rtmp-streamer/-/rtmp-streamer-1.0.2.tgz",
      "integrity": "sha1-QFb6lisPJ7lxtl5m58xPJzRq8Is=",
      "dev": true
    }
  }
}
